// !$*UTF8*$!
{
	archiveVersion = 1;
	classes = {
	};
	objectVersion = 46;
	objects = {

/* Begin PBXBuildFile section */
		4A37EA111CAC616B0042796D /* LoginViewController.swift in Sources */ = {isa = PBXBuildFile; fileRef = 4A37EA101CAC616B0042796D /* LoginViewController.swift */; };
		4A66CDF71D2ED3DB00E1E58D /* Assets.xcassets in Resources */ = {isa = PBXBuildFile; fileRef = CCAC5E5F1C84A8A1006BA336 /* Assets.xcassets */; };
		4AA5D4511D369A4100FC4735 /* Global.swift in Sources */ = {isa = PBXBuildFile; fileRef = 4AA5D4501D369A4100FC4735 /* Global.swift */; };
		4ABD20AC1D2AE99D000190DE /* ShareViewController.swift in Sources */ = {isa = PBXBuildFile; fileRef = 4ABD20AB1D2AE99D000190DE /* ShareViewController.swift */; };
		4ABD20AF1D2AE99D000190DE /* MainInterface.storyboard in Resources */ = {isa = PBXBuildFile; fileRef = 4ABD20AD1D2AE99D000190DE /* MainInterface.storyboard */; };
		4ABD20B31D2AE99D000190DE /* Add Bookmark.appex in Embed App Extensions */ = {isa = PBXBuildFile; fileRef = 4ABD20A91D2AE99D000190DE /* Add Bookmark.appex */; settings = {ATTRIBUTES = (RemoveHeadersOnCopy, ); }; };
		4ACF3E141CFF5B620006A587 /* TagCollectionViewCell.swift in Sources */ = {isa = PBXBuildFile; fileRef = 4ACF3E131CFF5B620006A587 /* TagCollectionViewCell.swift */; };
		CC1E531B1CB80A20002532FB /* UIViewControllerExtension.swift in Sources */ = {isa = PBXBuildFile; fileRef = CC1E531A1CB80A20002532FB /* UIViewControllerExtension.swift */; };
		CC1E53201CB99102002532FB /* AddBookmarkTableViewController.swift in Sources */ = {isa = PBXBuildFile; fileRef = CC1E531F1CB99102002532FB /* AddBookmarkTableViewController.swift */; };
		CC3219281CB2FAE600284118 /* NSDateExtension.swift in Sources */ = {isa = PBXBuildFile; fileRef = CC3219271CB2FAE600284118 /* NSDateExtension.swift */; };
		CC32192B1CB3032F00284118 /* StringExtension.swift in Sources */ = {isa = PBXBuildFile; fileRef = CC32192A1CB3032F00284118 /* StringExtension.swift */; };
		CC3C02C21D2E69570067B236 /* OptionsTableViewController.swift in Sources */ = {isa = PBXBuildFile; fileRef = CC3C02C11D2E69570067B236 /* OptionsTableViewController.swift */; };
		CC3C02D01D2FB1C50067B236 /* MigrateDefaults.swift in Sources */ = {isa = PBXBuildFile; fileRef = CC3C02CF1D2FB1C50067B236 /* MigrateDefaults.swift */; };
		CC56D2771C96F61A004D0896 /* SettingsModalViewController.swift in Sources */ = {isa = PBXBuildFile; fileRef = CC56D2761C96F61A004D0896 /* SettingsModalViewController.swift */; };
		CC7735101D0C378D00B85F31 /* 1Password.xcassets in Resources */ = {isa = PBXBuildFile; fileRef = CC77350D1D0C378D00B85F31 /* 1Password.xcassets */; };
		CC7735111D0C378D00B85F31 /* OnePasswordExtension.m in Sources */ = {isa = PBXBuildFile; fileRef = CC77350F1D0C378D00B85F31 /* OnePasswordExtension.m */; };
		CCAC5E591C84A8A1006BA336 /* AppDelegate.swift in Sources */ = {isa = PBXBuildFile; fileRef = CCAC5E581C84A8A1006BA336 /* AppDelegate.swift */; };
		CCAC5E5E1C84A8A1006BA336 /* Main.storyboard in Resources */ = {isa = PBXBuildFile; fileRef = CCAC5E5C1C84A8A1006BA336 /* Main.storyboard */; };
		CCAC5E601C84A8A1006BA336 /* Assets.xcassets in Resources */ = {isa = PBXBuildFile; fileRef = CCAC5E5F1C84A8A1006BA336 /* Assets.xcassets */; };
		CCAC5E631C84A8A1006BA336 /* LaunchScreen.storyboard in Resources */ = {isa = PBXBuildFile; fileRef = CCAC5E611C84A8A1006BA336 /* LaunchScreen.storyboard */; };
		CCAC5EF91C84EC75006BA336 /* BookmarksTableViewController.swift in Sources */ = {isa = PBXBuildFile; fileRef = CCAC5EF81C84EC75006BA336 /* BookmarksTableViewController.swift */; };
		CCAC5EFB1C84ED06006BA336 /* BookmarkTableViewCell.swift in Sources */ = {isa = PBXBuildFile; fileRef = CCAC5EFA1C84ED06006BA336 /* BookmarkTableViewCell.swift */; };
		CCADA2581D338DB400C65FB3 /* BoolExtension.swift in Sources */ = {isa = PBXBuildFile; fileRef = CCADA2571D338DB400C65FB3 /* BoolExtension.swift */; };
		CCADA2591D33A41B00C65FB3 /* BoolExtension.swift in Sources */ = {isa = PBXBuildFile; fileRef = CCADA2571D338DB400C65FB3 /* BoolExtension.swift */; };
		CCD2C4EF1CE9AA77008523CE /* Fabric.framework in Frameworks */ = {isa = PBXBuildFile; fileRef = CCD2C4ED1CE9AA77008523CE /* Fabric.framework */; };
		CCD2C4F01CE9AA77008523CE /* Crashlytics.framework in Frameworks */ = {isa = PBXBuildFile; fileRef = CCD2C4EE1CE9AA77008523CE /* Crashlytics.framework */; };
		CCD6243F1CAA5731007621FC /* Network.swift in Sources */ = {isa = PBXBuildFile; fileRef = CCD6243E1CAA5731007621FC /* Network.swift */; };
		CCF0BCD11D021E05007802B0 /* Colors.swift in Sources */ = {isa = PBXBuildFile; fileRef = CCF0BCD01D021E05007802B0 /* Colors.swift */; };
/* End PBXBuildFile section */

/* Begin PBXContainerItemProxy section */
		4ABD20B11D2AE99D000190DE /* PBXContainerItemProxy */ = {
			isa = PBXContainerItemProxy;
			containerPortal = CCAC5E4D1C84A8A1006BA336 /* Project object */;
			proxyType = 1;
			remoteGlobalIDString = 4ABD20A81D2AE99D000190DE;
			remoteInfo = "Add Bookmark";
		};
/* End PBXContainerItemProxy section */

/* Begin PBXCopyFilesBuildPhase section */
		4ABD20B71D2AE99D000190DE /* Embed App Extensions */ = {
			isa = PBXCopyFilesBuildPhase;
			buildActionMask = 2147483647;
			dstPath = "";
			dstSubfolderSpec = 13;
			files = (
				4ABD20B31D2AE99D000190DE /* Add Bookmark.appex in Embed App Extensions */,
			);
			name = "Embed App Extensions";
			runOnlyForDeploymentPostprocessing = 0;
		};
/* End PBXCopyFilesBuildPhase section */

/* Begin PBXFileReference section */
		4A37EA101CAC616B0042796D /* LoginViewController.swift */ = {isa = PBXFileReference; fileEncoding = 4; lastKnownFileType = sourcecode.swift; path = LoginViewController.swift; sourceTree = "<group>"; };
		4AA5D4501D369A4100FC4735 /* Global.swift */ = {isa = PBXFileReference; fileEncoding = 4; lastKnownFileType = sourcecode.swift; path = Global.swift; sourceTree = "<group>"; };
		4ABD20A91D2AE99D000190DE /* Add Bookmark.appex */ = {isa = PBXFileReference; explicitFileType = "wrapper.app-extension"; includeInIndex = 0; path = "Add Bookmark.appex"; sourceTree = BUILT_PRODUCTS_DIR; };
		4ABD20AB1D2AE99D000190DE /* ShareViewController.swift */ = {isa = PBXFileReference; lastKnownFileType = sourcecode.swift; path = ShareViewController.swift; sourceTree = "<group>"; };
		4ABD20AE1D2AE99D000190DE /* Base */ = {isa = PBXFileReference; lastKnownFileType = file.storyboard; name = Base; path = Base.lproj/MainInterface.storyboard; sourceTree = "<group>"; };
		4ABD20B01D2AE99D000190DE /* Info.plist */ = {isa = PBXFileReference; lastKnownFileType = text.plist.xml; path = Info.plist; sourceTree = "<group>"; };
		4ABD20B81D2AF037000190DE /* Add Bookmark.entitlements */ = {isa = PBXFileReference; lastKnownFileType = text.xml; path = "Add Bookmark.entitlements"; sourceTree = "<group>"; };
		4ACF3E131CFF5B620006A587 /* TagCollectionViewCell.swift */ = {isa = PBXFileReference; fileEncoding = 4; lastKnownFileType = sourcecode.swift; path = TagCollectionViewCell.swift; sourceTree = "<group>"; };
		CC1E531A1CB80A20002532FB /* UIViewControllerExtension.swift */ = {isa = PBXFileReference; fileEncoding = 4; lastKnownFileType = sourcecode.swift; path = UIViewControllerExtension.swift; sourceTree = "<group>"; };
		CC1E531F1CB99102002532FB /* AddBookmarkTableViewController.swift */ = {isa = PBXFileReference; fileEncoding = 4; lastKnownFileType = sourcecode.swift; path = AddBookmarkTableViewController.swift; sourceTree = "<group>"; };
		CC3219271CB2FAE600284118 /* NSDateExtension.swift */ = {isa = PBXFileReference; fileEncoding = 4; lastKnownFileType = sourcecode.swift; path = NSDateExtension.swift; sourceTree = "<group>"; };
		CC32192A1CB3032F00284118 /* StringExtension.swift */ = {isa = PBXFileReference; fileEncoding = 4; lastKnownFileType = sourcecode.swift; path = StringExtension.swift; sourceTree = "<group>"; };
		CC3C02BA1D2BC37D0067B236 /* simplepin.entitlements */ = {isa = PBXFileReference; lastKnownFileType = text.xml; path = simplepin.entitlements; sourceTree = "<group>"; };
		CC3C02C11D2E69570067B236 /* OptionsTableViewController.swift */ = {isa = PBXFileReference; fileEncoding = 4; lastKnownFileType = sourcecode.swift; path = OptionsTableViewController.swift; sourceTree = "<group>"; };
		CC3C02CF1D2FB1C50067B236 /* MigrateDefaults.swift */ = {isa = PBXFileReference; fileEncoding = 4; lastKnownFileType = sourcecode.swift; path = MigrateDefaults.swift; sourceTree = "<group>"; };
		CC56D2761C96F61A004D0896 /* SettingsModalViewController.swift */ = {isa = PBXFileReference; fileEncoding = 4; lastKnownFileType = sourcecode.swift; path = SettingsModalViewController.swift; sourceTree = "<group>"; };
		CC77350C1D0C378C00B85F31 /* simplepin-Bridging-Header.h */ = {isa = PBXFileReference; lastKnownFileType = sourcecode.c.h; path = "simplepin-Bridging-Header.h"; sourceTree = "<group>"; };
		CC77350D1D0C378D00B85F31 /* 1Password.xcassets */ = {isa = PBXFileReference; lastKnownFileType = folder.assetcatalog; path = 1Password.xcassets; sourceTree = "<group>"; };
		CC77350E1D0C378D00B85F31 /* OnePasswordExtension.h */ = {isa = PBXFileReference; fileEncoding = 4; lastKnownFileType = sourcecode.c.h; path = OnePasswordExtension.h; sourceTree = "<group>"; };
		CC77350F1D0C378D00B85F31 /* OnePasswordExtension.m */ = {isa = PBXFileReference; fileEncoding = 4; lastKnownFileType = sourcecode.c.objc; path = OnePasswordExtension.m; sourceTree = "<group>"; };
		CCAC5E551C84A8A1006BA336 /* Simplepin.app */ = {isa = PBXFileReference; explicitFileType = wrapper.application; includeInIndex = 0; path = Simplepin.app; sourceTree = BUILT_PRODUCTS_DIR; };
		CCAC5E581C84A8A1006BA336 /* AppDelegate.swift */ = {isa = PBXFileReference; lastKnownFileType = sourcecode.swift; path = AppDelegate.swift; sourceTree = "<group>"; };
		CCAC5E5D1C84A8A1006BA336 /* Base */ = {isa = PBXFileReference; lastKnownFileType = file.storyboard; name = Base; path = Base.lproj/Main.storyboard; sourceTree = "<group>"; };
		CCAC5E5F1C84A8A1006BA336 /* Assets.xcassets */ = {isa = PBXFileReference; lastKnownFileType = folder.assetcatalog; path = Assets.xcassets; sourceTree = "<group>"; };
		CCAC5E621C84A8A1006BA336 /* Base */ = {isa = PBXFileReference; lastKnownFileType = file.storyboard; name = Base; path = Base.lproj/LaunchScreen.storyboard; sourceTree = "<group>"; };
		CCAC5E641C84A8A1006BA336 /* Info.plist */ = {isa = PBXFileReference; lastKnownFileType = text.plist.xml; path = Info.plist; sourceTree = "<group>"; };
		CCAC5EF81C84EC75006BA336 /* BookmarksTableViewController.swift */ = {isa = PBXFileReference; fileEncoding = 4; lastKnownFileType = sourcecode.swift; path = BookmarksTableViewController.swift; sourceTree = "<group>"; };
		CCAC5EFA1C84ED06006BA336 /* BookmarkTableViewCell.swift */ = {isa = PBXFileReference; fileEncoding = 4; lastKnownFileType = sourcecode.swift; path = BookmarkTableViewCell.swift; sourceTree = "<group>"; };
		CCADA2571D338DB400C65FB3 /* BoolExtension.swift */ = {isa = PBXFileReference; fileEncoding = 4; lastKnownFileType = sourcecode.swift; path = BoolExtension.swift; sourceTree = "<group>"; };
		CCD2C4ED1CE9AA77008523CE /* Fabric.framework */ = {isa = PBXFileReference; lastKnownFileType = wrapper.framework; path = Fabric.framework; sourceTree = "<group>"; };
		CCD2C4EE1CE9AA77008523CE /* Crashlytics.framework */ = {isa = PBXFileReference; lastKnownFileType = wrapper.framework; path = Crashlytics.framework; sourceTree = "<group>"; };
		CCD6243E1CAA5731007621FC /* Network.swift */ = {isa = PBXFileReference; fileEncoding = 4; lastKnownFileType = sourcecode.swift; path = Network.swift; sourceTree = "<group>"; };
		CCF0BCD01D021E05007802B0 /* Colors.swift */ = {isa = PBXFileReference; fileEncoding = 4; lastKnownFileType = sourcecode.swift; path = Colors.swift; sourceTree = "<group>"; };
/* End PBXFileReference section */

/* Begin PBXFrameworksBuildPhase section */
		4ABD20A61D2AE99D000190DE /* Frameworks */ = {
			isa = PBXFrameworksBuildPhase;
			buildActionMask = 2147483647;
			files = (
			);
			runOnlyForDeploymentPostprocessing = 0;
		};
		CCAC5E521C84A8A1006BA336 /* Frameworks */ = {
			isa = PBXFrameworksBuildPhase;
			buildActionMask = 2147483647;
			files = (
				CCD2C4F01CE9AA77008523CE /* Crashlytics.framework in Frameworks */,
				CCD2C4EF1CE9AA77008523CE /* Fabric.framework in Frameworks */,
			);
			runOnlyForDeploymentPostprocessing = 0;
		};
/* End PBXFrameworksBuildPhase section */

/* Begin PBXGroup section */
		4A134B201CEB84D4004A99F4 /* Storyboards */ = {
			isa = PBXGroup;
			children = (
				CCAC5E611C84A8A1006BA336 /* LaunchScreen.storyboard */,
				CCAC5E5C1C84A8A1006BA336 /* Main.storyboard */,
			);
			name = Storyboards;
			sourceTree = "<group>";
		};
		4ABD20AA1D2AE99D000190DE /* Add Bookmark */ = {
			isa = PBXGroup;
			children = (
				4ABD20AD1D2AE99D000190DE /* MainInterface.storyboard */,
				4ABD20AB1D2AE99D000190DE /* ShareViewController.swift */,
				CC3C02C11D2E69570067B236 /* OptionsTableViewController.swift */,
				4ABD20B81D2AF037000190DE /* Add Bookmark.entitlements */,
				4ABD20B01D2AE99D000190DE /* Info.plist */,
			);
			path = "Add Bookmark";
			sourceTree = "<group>";
		};
		CC32192C1CB3033F00284118 /* Extensions */ = {
			isa = PBXGroup;
			children = (
				CC3219271CB2FAE600284118 /* NSDateExtension.swift */,
				CC32192A1CB3032F00284118 /* StringExtension.swift */,
				CC1E531A1CB80A20002532FB /* UIViewControllerExtension.swift */,
				CCF0BCD01D021E05007802B0 /* Colors.swift */,
				CCADA2571D338DB400C65FB3 /* BoolExtension.swift */,
			);
			name = Extensions;
			sourceTree = "<group>";
		};
		CC77350B1D0C374800B85F31 /* Plugins */ = {
			isa = PBXGroup;
			children = (
				CC77350D1D0C378D00B85F31 /* 1Password.xcassets */,
				CC77350E1D0C378D00B85F31 /* OnePasswordExtension.h */,
				CC77350F1D0C378D00B85F31 /* OnePasswordExtension.m */,
				CC77350C1D0C378C00B85F31 /* simplepin-Bridging-Header.h */,
			);
			name = Plugins;
			sourceTree = "<group>";
		};
		CCAC5E4C1C84A8A1006BA336 = {
			isa = PBXGroup;
			children = (
				CCAC5E571C84A8A1006BA336 /* Simplepin */,
				4ABD20AA1D2AE99D000190DE /* Add Bookmark */,
				CCAC5E561C84A8A1006BA336 /* Products */,
				CCD2C4ED1CE9AA77008523CE /* Fabric.framework */,
				CCD2C4EE1CE9AA77008523CE /* Crashlytics.framework */,
			);
			sourceTree = "<group>";
		};
		CCAC5E561C84A8A1006BA336 /* Products */ = {
			isa = PBXGroup;
			children = (
				CCAC5E551C84A8A1006BA336 /* Simplepin.app */,
				4ABD20A91D2AE99D000190DE /* Add Bookmark.appex */,
			);
			name = Products;
			sourceTree = "<group>";
		};
		CCAC5E571C84A8A1006BA336 /* Simplepin */ = {
			isa = PBXGroup;
			children = (
				CC77350B1D0C374800B85F31 /* Plugins */,
				CC32192C1CB3033F00284118 /* Extensions */,
				4A134B201CEB84D4004A99F4 /* Storyboards */,
				CCAC5E5F1C84A8A1006BA336 /* Assets.xcassets */,
				CCAC5E581C84A8A1006BA336 /* AppDelegate.swift */,
				CCAC5EF81C84EC75006BA336 /* BookmarksTableViewController.swift */,
				CCAC5EFA1C84ED06006BA336 /* BookmarkTableViewCell.swift */,
				4ACF3E131CFF5B620006A587 /* TagCollectionViewCell.swift */,
				CC1E531F1CB99102002532FB /* AddBookmarkTableViewController.swift */,
				4A37EA101CAC616B0042796D /* LoginViewController.swift */,
				CC56D2761C96F61A004D0896 /* SettingsModalViewController.swift */,
				CC3C02CF1D2FB1C50067B236 /* MigrateDefaults.swift */,
				CCD6243E1CAA5731007621FC /* Network.swift */,
				4AA5D4501D369A4100FC4735 /* Global.swift */,
				CC3C02BA1D2BC37D0067B236 /* simplepin.entitlements */,
				CCAC5E641C84A8A1006BA336 /* Info.plist */,
			);
			name = Simplepin;
			path = simplepin;
			sourceTree = "<group>";
		};
/* End PBXGroup section */

/* Begin PBXNativeTarget section */
		4ABD20A81D2AE99D000190DE /* Add Bookmark */ = {
			isa = PBXNativeTarget;
			buildConfigurationList = 4ABD20B61D2AE99D000190DE /* Build configuration list for PBXNativeTarget "Add Bookmark" */;
			buildPhases = (
				4ABD20A51D2AE99D000190DE /* Sources */,
				4ABD20A61D2AE99D000190DE /* Frameworks */,
				4ABD20A71D2AE99D000190DE /* Resources */,
			);
			buildRules = (
			);
			dependencies = (
			);
			name = "Add Bookmark";
			productName = "Add Bookmark";
			productReference = 4ABD20A91D2AE99D000190DE /* Add Bookmark.appex */;
			productType = "com.apple.product-type.app-extension";
		};
		CCAC5E541C84A8A1006BA336 /* Simplepin */ = {
			isa = PBXNativeTarget;
			buildConfigurationList = CCAC5E671C84A8A1006BA336 /* Build configuration list for PBXNativeTarget "Simplepin" */;
			buildPhases = (
				CCAC5E511C84A8A1006BA336 /* Sources */,
				CCAC5E521C84A8A1006BA336 /* Frameworks */,
				CCAC5E531C84A8A1006BA336 /* Resources */,
				CCD2C4EC1CE9AA4C008523CE /* ShellScript */,
				4ABD20B71D2AE99D000190DE /* Embed App Extensions */,
			);
			buildRules = (
			);
			dependencies = (
				4ABD20B21D2AE99D000190DE /* PBXTargetDependency */,
			);
			name = Simplepin;
			productName = simplepin;
			productReference = CCAC5E551C84A8A1006BA336 /* Simplepin.app */;
			productType = "com.apple.product-type.application";
		};
/* End PBXNativeTarget section */

/* Begin PBXProject section */
		CCAC5E4D1C84A8A1006BA336 /* Project object */ = {
			isa = PBXProject;
			attributes = {
				LastSwiftUpdateCheck = 0730;
				LastUpgradeCheck = 0820;
				ORGANIZATIONNAME = "Mathias Lindholm";
				TargetAttributes = {
					4ABD20A81D2AE99D000190DE = {
						CreatedOnToolsVersion = 7.3.1;
						DevelopmentTeam = 7Q878QDTU9;
						ProvisioningStyle = Automatic;
						SystemCapabilities = {
							com.apple.ApplicationGroups.iOS = {
								enabled = 1;
							};
						};
					};
					CCAC5E541C84A8A1006BA336 = {
						CreatedOnToolsVersion = 7.2.1;
						DevelopmentTeam = 7Q878QDTU9;
						ProvisioningStyle = Automatic;
						SystemCapabilities = {
							com.apple.ApplicationGroups.iOS = {
								enabled = 1;
							};
						};
					};
				};
			};
			buildConfigurationList = CCAC5E501C84A8A1006BA336 /* Build configuration list for PBXProject "Simplepin" */;
			compatibilityVersion = "Xcode 3.2";
			developmentRegion = English;
			hasScannedForEncodings = 0;
			knownRegions = (
				en,
				Base,
			);
			mainGroup = CCAC5E4C1C84A8A1006BA336;
			productRefGroup = CCAC5E561C84A8A1006BA336 /* Products */;
			projectDirPath = "";
			projectRoot = "";
			targets = (
				CCAC5E541C84A8A1006BA336 /* Simplepin */,
				4ABD20A81D2AE99D000190DE /* Add Bookmark */,
			);
		};
/* End PBXProject section */

/* Begin PBXResourcesBuildPhase section */
		4ABD20A71D2AE99D000190DE /* Resources */ = {
			isa = PBXResourcesBuildPhase;
			buildActionMask = 2147483647;
			files = (
				4A66CDF71D2ED3DB00E1E58D /* Assets.xcassets in Resources */,
				4ABD20AF1D2AE99D000190DE /* MainInterface.storyboard in Resources */,
			);
			runOnlyForDeploymentPostprocessing = 0;
		};
		CCAC5E531C84A8A1006BA336 /* Resources */ = {
			isa = PBXResourcesBuildPhase;
			buildActionMask = 2147483647;
			files = (
				CCAC5E631C84A8A1006BA336 /* LaunchScreen.storyboard in Resources */,
				CCAC5E601C84A8A1006BA336 /* Assets.xcassets in Resources */,
				CC7735101D0C378D00B85F31 /* 1Password.xcassets in Resources */,
				CCAC5E5E1C84A8A1006BA336 /* Main.storyboard in Resources */,
			);
			runOnlyForDeploymentPostprocessing = 0;
		};
/* End PBXResourcesBuildPhase section */

/* Begin PBXShellScriptBuildPhase section */
		CCD2C4EC1CE9AA4C008523CE /* ShellScript */ = {
			isa = PBXShellScriptBuildPhase;
			buildActionMask = 2147483647;
			files = (
			);
			inputPaths = (
			);
			outputPaths = (
			);
			runOnlyForDeploymentPostprocessing = 0;
			shellPath = /bin/sh;
			shellScript = "./Fabric.framework/run 18b7be9fd8d6f74333326228f9b7b17beb0e6a5c 1843997cd076553a4e3df764b4d845f5f0ebee069aa40b5c31973bcde60aaefa";
		};
/* End PBXShellScriptBuildPhase section */

/* Begin PBXSourcesBuildPhase section */
		4ABD20A51D2AE99D000190DE /* Sources */ = {
			isa = PBXSourcesBuildPhase;
			buildActionMask = 2147483647;
			files = (
				CCADA2591D33A41B00C65FB3 /* BoolExtension.swift in Sources */,
				CC3C02C21D2E69570067B236 /* OptionsTableViewController.swift in Sources */,
				4ABD20AC1D2AE99D000190DE /* ShareViewController.swift in Sources */,
			);
			runOnlyForDeploymentPostprocessing = 0;
		};
		CCAC5E511C84A8A1006BA336 /* Sources */ = {
			isa = PBXSourcesBuildPhase;
			buildActionMask = 2147483647;
			files = (
				4A37EA111CAC616B0042796D /* LoginViewController.swift in Sources */,
				CCF0BCD11D021E05007802B0 /* Colors.swift in Sources */,
				CC1E53201CB99102002532FB /* AddBookmarkTableViewController.swift in Sources */,
				CC3219281CB2FAE600284118 /* NSDateExtension.swift in Sources */,
				CC1E531B1CB80A20002532FB /* UIViewControllerExtension.swift in Sources */,
				CCD6243F1CAA5731007621FC /* Network.swift in Sources */,
				CCADA2581D338DB400C65FB3 /* BoolExtension.swift in Sources */,
				CCAC5EF91C84EC75006BA336 /* BookmarksTableViewController.swift in Sources */,
				4AA5D4511D369A4100FC4735 /* Global.swift in Sources */,
				CC3C02D01D2FB1C50067B236 /* MigrateDefaults.swift in Sources */,
				CC32192B1CB3032F00284118 /* StringExtension.swift in Sources */,
				CCAC5E591C84A8A1006BA336 /* AppDelegate.swift in Sources */,
				CCAC5EFB1C84ED06006BA336 /* BookmarkTableViewCell.swift in Sources */,
				CC7735111D0C378D00B85F31 /* OnePasswordExtension.m in Sources */,
				CC56D2771C96F61A004D0896 /* SettingsModalViewController.swift in Sources */,
				4ACF3E141CFF5B620006A587 /* TagCollectionViewCell.swift in Sources */,
			);
			runOnlyForDeploymentPostprocessing = 0;
		};
/* End PBXSourcesBuildPhase section */

/* Begin PBXTargetDependency section */
		4ABD20B21D2AE99D000190DE /* PBXTargetDependency */ = {
			isa = PBXTargetDependency;
			target = 4ABD20A81D2AE99D000190DE /* Add Bookmark */;
			targetProxy = 4ABD20B11D2AE99D000190DE /* PBXContainerItemProxy */;
		};
/* End PBXTargetDependency section */

/* Begin PBXVariantGroup section */
		4ABD20AD1D2AE99D000190DE /* MainInterface.storyboard */ = {
			isa = PBXVariantGroup;
			children = (
				4ABD20AE1D2AE99D000190DE /* Base */,
			);
			name = MainInterface.storyboard;
			sourceTree = "<group>";
		};
		CCAC5E5C1C84A8A1006BA336 /* Main.storyboard */ = {
			isa = PBXVariantGroup;
			children = (
				CCAC5E5D1C84A8A1006BA336 /* Base */,
			);
			name = Main.storyboard;
			sourceTree = "<group>";
		};
		CCAC5E611C84A8A1006BA336 /* LaunchScreen.storyboard */ = {
			isa = PBXVariantGroup;
			children = (
				CCAC5E621C84A8A1006BA336 /* Base */,
			);
			name = LaunchScreen.storyboard;
			sourceTree = "<group>";
		};
/* End PBXVariantGroup section */

/* Begin XCBuildConfiguration section */
		4ABD20B41D2AE99D000190DE /* Debug */ = {
			isa = XCBuildConfiguration;
			buildSettings = {
				ASSETCATALOG_COMPILER_APPICON_NAME = AppIcon;
				CLANG_ANALYZER_NONNULL = YES;
				CODE_SIGN_ENTITLEMENTS = "Add Bookmark/Add Bookmark.entitlements";
				CODE_SIGN_IDENTITY = "iPhone Developer";
				"CODE_SIGN_IDENTITY[sdk=iphoneos*]" = "iPhone Developer";
				DEVELOPMENT_TEAM = 7Q878QDTU9;
				INFOPLIST_FILE = "Add Bookmark/Info.plist";
				IPHONEOS_DEPLOYMENT_TARGET = 9.0;
				LD_RUNPATH_SEARCH_PATHS = "$(inherited) @executable_path/Frameworks @executable_path/../../Frameworks";
				PRODUCT_BUNDLE_IDENTIFIER = "ml.simplepin.Add-Bookmark";
				PRODUCT_NAME = "$(TARGET_NAME)";
				PROVISIONING_PROFILE = "";
				PROVISIONING_PROFILE_SPECIFIER = "";
				SKIP_INSTALL = YES;
				SWIFT_VERSION = 2.3;
			};
			name = Debug;
		};
		4ABD20B51D2AE99D000190DE /* Release */ = {
			isa = XCBuildConfiguration;
			buildSettings = {
				ASSETCATALOG_COMPILER_APPICON_NAME = AppIcon;
				CLANG_ANALYZER_NONNULL = YES;
				CODE_SIGN_ENTITLEMENTS = "Add Bookmark/Add Bookmark.entitlements";
				CODE_SIGN_IDENTITY = "iPhone Developer";
				"CODE_SIGN_IDENTITY[sdk=iphoneos*]" = "iPhone Developer";
				DEVELOPMENT_TEAM = 7Q878QDTU9;
				INFOPLIST_FILE = "Add Bookmark/Info.plist";
				IPHONEOS_DEPLOYMENT_TARGET = 9.0;
				LD_RUNPATH_SEARCH_PATHS = "$(inherited) @executable_path/Frameworks @executable_path/../../Frameworks";
				PRODUCT_BUNDLE_IDENTIFIER = "ml.simplepin.Add-Bookmark";
				PRODUCT_NAME = "$(TARGET_NAME)";
				SKIP_INSTALL = YES;
				SWIFT_VERSION = 2.3;
			};
			name = Release;
		};
		CCAC5E651C84A8A1006BA336 /* Debug */ = {
			isa = XCBuildConfiguration;
			buildSettings = {
				ALWAYS_SEARCH_USER_PATHS = NO;
				CLANG_CXX_LANGUAGE_STANDARD = "gnu++0x";
				CLANG_CXX_LIBRARY = "libc++";
				CLANG_ENABLE_MODULES = YES;
				CLANG_ENABLE_OBJC_ARC = YES;
				CLANG_WARN_BOOL_CONVERSION = YES;
				CLANG_WARN_CONSTANT_CONVERSION = YES;
				CLANG_WARN_DIRECT_OBJC_ISA_USAGE = YES_ERROR;
				CLANG_WARN_EMPTY_BODY = YES;
				CLANG_WARN_ENUM_CONVERSION = YES;
				CLANG_WARN_INFINITE_RECURSION = YES;
				CLANG_WARN_INT_CONVERSION = YES;
				CLANG_WARN_OBJC_ROOT_CLASS = YES_ERROR;
				CLANG_WARN_SUSPICIOUS_MOVE = YES;
				CLANG_WARN_UNREACHABLE_CODE = YES;
				CLANG_WARN__DUPLICATE_METHOD_MATCH = YES;
				"CODE_SIGN_IDENTITY[sdk=iphoneos*]" = "iPhone Developer";
				COPY_PHASE_STRIP = NO;
				DEBUG_INFORMATION_FORMAT = dwarf;
				ENABLE_STRICT_OBJC_MSGSEND = YES;
				ENABLE_TESTABILITY = YES;
				GCC_C_LANGUAGE_STANDARD = gnu99;
				GCC_DYNAMIC_NO_PIC = NO;
				GCC_NO_COMMON_BLOCKS = YES;
				GCC_OPTIMIZATION_LEVEL = 0;
				GCC_PREPROCESSOR_DEFINITIONS = (
					"DEBUG=1",
					"$(inherited)",
				);
				GCC_WARN_64_TO_32_BIT_CONVERSION = YES;
				GCC_WARN_ABOUT_RETURN_TYPE = YES_ERROR;
				GCC_WARN_UNDECLARED_SELECTOR = YES;
				GCC_WARN_UNINITIALIZED_AUTOS = YES_AGGRESSIVE;
				GCC_WARN_UNUSED_FUNCTION = YES;
				GCC_WARN_UNUSED_VARIABLE = YES;
				IPHONEOS_DEPLOYMENT_TARGET = 9.0;
				MTL_ENABLE_DEBUG_INFO = YES;
				ONLY_ACTIVE_ARCH = YES;
				SDKROOT = iphoneos;
				SWIFT_OPTIMIZATION_LEVEL = "-Onone";
				TARGETED_DEVICE_FAMILY = "1,2";
			};
			name = Debug;
		};
		CCAC5E661C84A8A1006BA336 /* Release */ = {
			isa = XCBuildConfiguration;
			buildSettings = {
				ALWAYS_SEARCH_USER_PATHS = NO;
				CLANG_CXX_LANGUAGE_STANDARD = "gnu++0x";
				CLANG_CXX_LIBRARY = "libc++";
				CLANG_ENABLE_MODULES = YES;
				CLANG_ENABLE_OBJC_ARC = YES;
				CLANG_WARN_BOOL_CONVERSION = YES;
				CLANG_WARN_CONSTANT_CONVERSION = YES;
				CLANG_WARN_DIRECT_OBJC_ISA_USAGE = YES_ERROR;
				CLANG_WARN_EMPTY_BODY = YES;
				CLANG_WARN_ENUM_CONVERSION = YES;
				CLANG_WARN_INFINITE_RECURSION = YES;
				CLANG_WARN_INT_CONVERSION = YES;
				CLANG_WARN_OBJC_ROOT_CLASS = YES_ERROR;
				CLANG_WARN_SUSPICIOUS_MOVE = YES;
				CLANG_WARN_UNREACHABLE_CODE = YES;
				CLANG_WARN__DUPLICATE_METHOD_MATCH = YES;
				"CODE_SIGN_IDENTITY[sdk=iphoneos*]" = "iPhone Developer";
				COPY_PHASE_STRIP = NO;
				DEBUG_INFORMATION_FORMAT = "dwarf-with-dsym";
				ENABLE_NS_ASSERTIONS = NO;
				ENABLE_STRICT_OBJC_MSGSEND = YES;
				GCC_C_LANGUAGE_STANDARD = gnu99;
				GCC_NO_COMMON_BLOCKS = YES;
				GCC_WARN_64_TO_32_BIT_CONVERSION = YES;
				GCC_WARN_ABOUT_RETURN_TYPE = YES_ERROR;
				GCC_WARN_UNDECLARED_SELECTOR = YES;
				GCC_WARN_UNINITIALIZED_AUTOS = YES_AGGRESSIVE;
				GCC_WARN_UNUSED_FUNCTION = YES;
				GCC_WARN_UNUSED_VARIABLE = YES;
				IPHONEOS_DEPLOYMENT_TARGET = 9.0;
				MTL_ENABLE_DEBUG_INFO = NO;
				SDKROOT = iphoneos;
				SWIFT_OPTIMIZATION_LEVEL = "-Owholemodule";
				TARGETED_DEVICE_FAMILY = "1,2";
				VALIDATE_PRODUCT = YES;
			};
			name = Release;
		};
		CCAC5E681C84A8A1006BA336 /* Debug */ = {
			isa = XCBuildConfiguration;
			buildSettings = {
				ALWAYS_EMBED_SWIFT_STANDARD_LIBRARIES = YES;
				ASSETCATALOG_COMPILER_APPICON_NAME = AppIcon;
				CLANG_ENABLE_MODULES = YES;
				CODE_SIGN_ENTITLEMENTS = simplepin/simplepin.entitlements;
				CODE_SIGN_IDENTITY = "iPhone Developer";
				"CODE_SIGN_IDENTITY[sdk=iphoneos*]" = "iPhone Developer";
				COMPRESS_PNG_FILES = NO;
				DEBUG_INFORMATION_FORMAT = "dwarf-with-dsym";
				DEVELOPMENT_TEAM = 7Q878QDTU9;
				FRAMEWORK_SEARCH_PATHS = (
					"$(inherited)",
					"$(PROJECT_DIR)",
				);
				INFOPLIST_FILE = simplepin/Info.plist;
				LD_RUNPATH_SEARCH_PATHS = "$(inherited) @executable_path/Frameworks";
				PRODUCT_BUNDLE_IDENTIFIER = ml.simplepin;
				PRODUCT_NAME = "$(TARGET_NAME)";
				SWIFT_OBJC_BRIDGING_HEADER = "simplepin/simplepin-Bridging-Header.h";
				SWIFT_OPTIMIZATION_LEVEL = "-Onone";
				SWIFT_VERSION = 2.3;
			};
			name = Debug;
		};
		CCAC5E691C84A8A1006BA336 /* Release */ = {
			isa = XCBuildConfiguration;
			buildSettings = {
				ALWAYS_EMBED_SWIFT_STANDARD_LIBRARIES = YES;
				ASSETCATALOG_COMPILER_APPICON_NAME = AppIcon;
				CLANG_ENABLE_MODULES = YES;
				CODE_SIGN_ENTITLEMENTS = simplepin/simplepin.entitlements;
				CODE_SIGN_IDENTITY = "iPhone Distribution";
				"CODE_SIGN_IDENTITY[sdk=iphoneos*]" = "iPhone Developer";
				COMPRESS_PNG_FILES = NO;
				DEVELOPMENT_TEAM = 7Q878QDTU9;
				FRAMEWORK_SEARCH_PATHS = (
					"$(inherited)",
					"$(PROJECT_DIR)",
				);
				INFOPLIST_FILE = simplepin/Info.plist;
				LD_RUNPATH_SEARCH_PATHS = "$(inherited) @executable_path/Frameworks";
				PRODUCT_BUNDLE_IDENTIFIER = ml.simplepin;
				PRODUCT_NAME = "$(TARGET_NAME)";
				SWIFT_OBJC_BRIDGING_HEADER = "simplepin/simplepin-Bridging-Header.h";
				SWIFT_VERSION = 2.3;
			};
			name = Release;
		};
/* End XCBuildConfiguration section */

/* Begin XCConfigurationList section */
		4ABD20B61D2AE99D000190DE /* Build configuration list for PBXNativeTarget "Add Bookmark" */ = {
			isa = XCConfigurationList;
			buildConfigurations = (
				4ABD20B41D2AE99D000190DE /* Debug */,
				4ABD20B51D2AE99D000190DE /* Release */,
			);
			defaultConfigurationIsVisible = 0;
			defaultConfigurationName = Release;
		};
		CCAC5E501C84A8A1006BA336 /* Build configuration list for PBXProject "Simplepin" */ = {
			isa = XCConfigurationList;
			buildConfigurations = (
				CCAC5E651C84A8A1006BA336 /* Debug */,
				CCAC5E661C84A8A1006BA336 /* Release */,
			);
			defaultConfigurationIsVisible = 0;
			defaultConfigurationName = Release;
		};
		CCAC5E671C84A8A1006BA336 /* Build configuration list for PBXNativeTarget "Simplepin" */ = {
			isa = XCConfigurationList;
			buildConfigurations = (
				CCAC5E681C84A8A1006BA336 /* Debug */,
				CCAC5E691C84A8A1006BA336 /* Release */,
			);
			defaultConfigurationIsVisible = 0;
			defaultConfigurationName = Release;
		};
/* End XCConfigurationList section */
	};
	rootObject = CCAC5E4D1C84A8A1006BA336 /* Project object */;
}
